
Microsoft Visual Studio Solution File, Format Version 12.00
# Visual Studio Version 17
VisualStudioVersion = 17.14.36301.6 d17.14
MinimumVisualStudioVersion = 10.0.40219.1
Project("{FAE04EC0-301F-11D3-BF4B-00C04F79EFBC}") = "ArWidgetApi", "ArWidgetApi.csproj", "{800C3FFA-EFC9-417F-B4AE-2C07CDDADD8D}"
EndProject
Global
	GlobalSection(SolutionConfigurationPlatforms) = preSolution
		Debug|Any CPU = Debug|Any CPU
		Release|Any CPU = Release|Any CPU
	EndGlobalSection
	GlobalSection(ProjectConfigurationPlatforms) = postSolution
		{800C3FFA-EFC9-417F-B4AE-2C07CDDADD8D}.Debug|Any CPU.ActiveCfg = Debug|Any CPU
		{800C3FFA-EFC9-417F-B4AE-2C07CDDADD8D}.Debug|Any CPU.Build.0 = Debug|Any CPU
		{800C3FFA-EFC9-417F-B4AE-2C07CDDADD8D}.Release|Any CPU.ActiveCfg = Release|Any CPU
		{800C3FFA-EFC9-417F-B4AE-2C07CDDADD8D}.Release|Any CPU.Build.0 = Release|Any CPU
	EndGlobalSection
	GlobalSection(SolutionProperties) = preSolution
		HideSolutionNode = FALSE
	EndGlobalSection
	GlobalSection(ExtensibilityGlobals) = postSolution
		SolutionGuid = {C85D4C11-3C1A-46E0-935C-AD82D5E488C2}
	EndGlobalSection
EndGlobal
